
Microsoft Visual Studio Solution File, Format Version 12.00
# Visual Studio Version 16
VisualStudioVersion = 16.0.31005.135
MinimumVisualStudioVersion = 10.0.40219.1
Project("{9A19103F-16F7-4668-BE54-9A1E7A4F7556}") = "GameProject", "GameProject\GameProject.csproj", "{62635A29-7314-4EBF-9DEE-E4EA7577E8C9}"
EndProject
Project("{2150E333-8FDC-42A3-9474-1A3956D46DE8}") = "Solution Items", "Solution Items", "{B0EE0E2F-F707-4533-BB28-026C66BA28F0}"
EndProject
Global
	GlobalSection(SolutionConfigurationPlatforms) = preSolution
		Debug|Any CPU = Debug|Any CPU
		Release|Any CPU = Release|Any CPU
	EndGlobalSection
	GlobalSection(ProjectConfigurationPlatforms) = postSolution
		{62635A29-7314-4EBF-9DEE-E4EA7577E8C9}.Debug|Any CPU.ActiveCfg = Debug|Any CPU
		{62635A29-7314-4EBF-9DEE-E4EA7577E8C9}.Debug|Any CPU.Build.0 = Debug|Any CPU
		{62635A29-7314-4EBF-9DEE-E4EA7577E8C9}.Release|Any CPU.ActiveCfg = Release|Any CPU
		{62635A29-7314-4EBF-9DEE-E4EA7577E8C9}.Release|Any CPU.Build.0 = Release|Any CPU
	EndGlobalSection
	GlobalSection(SolutionProperties) = preSolution
		HideSolutionNode = FALSE
	EndGlobalSection
	GlobalSection(ExtensibilityGlobals) = postSolution
		SolutionGuid = {7A264527-B79B-46EA-9E43-9F4A44B08D92}
	EndGlobalSection
EndGlobal
